
Microsoft Visual Studio Solution File, Format Version 12.00
# Visual Studio Version 17
VisualStudioVersion = 17.2.32630.192
MinimumVisualStudioVersion = 10.0.40219.1
Project("{FAE04EC0-301F-11D3-BF4B-00C04F79EFBC}") = "29th July 2022", "29th July 2022\29th July 2022.csproj", "{917277D2-14ED-4539-99B6-6F3D992EB751}"
EndProject
Project("{FAE04EC0-301F-11D3-BF4B-00C04F79EFBC}") = "Quadratic Equation solver", "Quadratic Equation solver\Quadratic Equation solver.csproj", "{671D8989-A1A5-4364-9A95-F698D0C234AE}"
EndProject
Global
	GlobalSection(SolutionConfigurationPlatforms) = preSolution
		Debug|Any CPU = Debug|Any CPU
		Release|Any CPU = Release|Any CPU
	EndGlobalSection
	GlobalSection(ProjectConfigurationPlatforms) = postSolution
		{917277D2-14ED-4539-99B6-6F3D992EB751}.Debug|Any CPU.ActiveCfg = Debug|Any CPU
		{917277D2-14ED-4539-99B6-6F3D992EB751}.Debug|Any CPU.Build.0 = Debug|Any CPU
		{917277D2-14ED-4539-99B6-6F3D992EB751}.Release|Any CPU.ActiveCfg = Release|Any CPU
		{917277D2-14ED-4539-99B6-6F3D992EB751}.Release|Any CPU.Build.0 = Release|Any CPU
		{671D8989-A1A5-4364-9A95-F698D0C234AE}.Debug|Any CPU.ActiveCfg = Debug|Any CPU
		{671D8989-A1A5-4364-9A95-F698D0C234AE}.Debug|Any CPU.Build.0 = Debug|Any CPU
		{671D8989-A1A5-4364-9A95-F698D0C234AE}.Release|Any CPU.ActiveCfg = Release|Any CPU
		{671D8989-A1A5-4364-9A95-F698D0C234AE}.Release|Any CPU.Build.0 = Release|Any CPU
	EndGlobalSection
	GlobalSection(SolutionProperties) = preSolution
		HideSolutionNode = FALSE
	EndGlobalSection
	GlobalSection(ExtensibilityGlobals) = postSolution
		SolutionGuid = {349C876D-1768-470E-A1AF-057EE07128F3}
	EndGlobalSection
EndGlobal
