
Microsoft Visual Studio Solution File, Format Version 12.00
# Visual Studio Version 17
VisualStudioVersion = 17.2.32630.192
MinimumVisualStudioVersion = 10.0.40219.1
Project("{FAE04EC0-301F-11D3-BF4B-00C04F79EFBC}") = "28th July 2022", "28th July 2022\28th July 2022.csproj", "{C1953390-625F-423D-808B-7C1C0B229D0C}"
EndProject
Project("{FAE04EC0-301F-11D3-BF4B-00C04F79EFBC}") = "GraphAdjList", "GraphAdjList\GraphAdjList.csproj", "{4FF3B96C-A668-4C3F-A40A-AF434F3081ED}"
EndProject
Global
	GlobalSection(SolutionConfigurationPlatforms) = preSolution
		Debug|Any CPU = Debug|Any CPU
		Release|Any CPU = Release|Any CPU
	EndGlobalSection
	GlobalSection(ProjectConfigurationPlatforms) = postSolution
		{C1953390-625F-423D-808B-7C1C0B229D0C}.Debug|Any CPU.ActiveCfg = Debug|Any CPU
		{C1953390-625F-423D-808B-7C1C0B229D0C}.Debug|Any CPU.Build.0 = Debug|Any CPU
		{C1953390-625F-423D-808B-7C1C0B229D0C}.Release|Any CPU.ActiveCfg = Release|Any CPU
		{C1953390-625F-423D-808B-7C1C0B229D0C}.Release|Any CPU.Build.0 = Release|Any CPU
		{4FF3B96C-A668-4C3F-A40A-AF434F3081ED}.Debug|Any CPU.ActiveCfg = Debug|Any CPU
		{4FF3B96C-A668-4C3F-A40A-AF434F3081ED}.Debug|Any CPU.Build.0 = Debug|Any CPU
		{4FF3B96C-A668-4C3F-A40A-AF434F3081ED}.Release|Any CPU.ActiveCfg = Release|Any CPU
		{4FF3B96C-A668-4C3F-A40A-AF434F3081ED}.Release|Any CPU.Build.0 = Release|Any CPU
	EndGlobalSection
	GlobalSection(SolutionProperties) = preSolution
		HideSolutionNode = FALSE
	EndGlobalSection
	GlobalSection(ExtensibilityGlobals) = postSolution
		SolutionGuid = {E57D574C-BDF2-4138-9D4A-B08D7F80A6E3}
	EndGlobalSection
EndGlobal
